
Microsoft Visual Studio Solution File, Format Version 12.00
# Visual Studio Version 17
VisualStudioVersion = 17.5.002.0
MinimumVisualStudioVersion = 10.0.40219.1
Project("{9A19103F-16F7-4668-BE54-9A1E7A4F7556}") = "Baitap1XML", "Baitap1XML.csproj", "{D8765C89-3228-4DD9-9F36-6A629F1B73B3}"
EndProject
Global
	GlobalSection(SolutionConfigurationPlatforms) = preSolution
		Debug|Any CPU = Debug|Any CPU
		Release|Any CPU = Release|Any CPU
	EndGlobalSection
	GlobalSection(ProjectConfigurationPlatforms) = postSolution
		{D8765C89-3228-4DD9-9F36-6A629F1B73B3}.Debug|Any CPU.ActiveCfg = Debug|Any CPU
		{D8765C89-3228-4DD9-9F36-6A629F1B73B3}.Debug|Any CPU.Build.0 = Debug|Any CPU
		{D8765C89-3228-4DD9-9F36-6A629F1B73B3}.Release|Any CPU.ActiveCfg = Release|Any CPU
		{D8765C89-3228-4DD9-9F36-6A629F1B73B3}.Release|Any CPU.Build.0 = Release|Any CPU
	EndGlobalSection
	GlobalSection(SolutionProperties) = preSolution
		HideSolutionNode = FALSE
	EndGlobalSection
	GlobalSection(ExtensibilityGlobals) = postSolution
		SolutionGuid = {FCFD184C-8199-48EF-AB86-047EB5B53707}
	EndGlobalSection
EndGlobal
